
Microsoft Visual Studio Solution File, Format Version 12.00
# Visual Studio 2013
VisualStudioVersion = 12.0.40629.0
MinimumVisualStudioVersion = 10.0.40219.1
Project("{9DBA950F-6A2A-46B5-8112-AF48045B0B9D}") = "nugetdocker", "nugetdocker\nugetdocker.csproj", "{0D05CFEE-1020-462B-BF46-44218E1CBE54}"
EndProject
Project("{9DBA950F-6A2A-46B5-8112-AF48045B0B9D}") = "nugetdockerlib", "nugetdockerlib\nugetdockerlib.csproj", "{ABFFAC7E-56B0-4562-AEF8-BC3F3A092E68}"
EndProject
Project("{2150E333-8FDC-42A3-9474-1A3956D46DE8}") = ".nuget", ".nuget", "{BBDF31AB-904D-40E3-82EF-94151842C326}"
	ProjectSection(SolutionItems) = preProject
		.nuget\packages.config = .nuget\packages.config
	EndProjectSection
EndProject
Global
	GlobalSection(SolutionConfigurationPlatforms) = preSolution
		Debug|Any CPU = Debug|Any CPU
		Release|Any CPU = Release|Any CPU
	EndGlobalSection
	GlobalSection(ProjectConfigurationPlatforms) = postSolution
		{0D05CFEE-1020-462B-BF46-44218E1CBE54}.Debug|Any CPU.ActiveCfg = Debug|Any CPU
		{0D05CFEE-1020-462B-BF46-44218E1CBE54}.Debug|Any CPU.Build.0 = Debug|Any CPU
		{0D05CFEE-1020-462B-BF46-44218E1CBE54}.Release|Any CPU.ActiveCfg = Release|Any CPU
		{0D05CFEE-1020-462B-BF46-44218E1CBE54}.Release|Any CPU.Build.0 = Release|Any CPU
		{ABFFAC7E-56B0-4562-AEF8-BC3F3A092E68}.Debug|Any CPU.ActiveCfg = Debug|Any CPU
		{ABFFAC7E-56B0-4562-AEF8-BC3F3A092E68}.Debug|Any CPU.Build.0 = Debug|Any CPU
		{ABFFAC7E-56B0-4562-AEF8-BC3F3A092E68}.Release|Any CPU.ActiveCfg = Release|Any CPU
		{ABFFAC7E-56B0-4562-AEF8-BC3F3A092E68}.Release|Any CPU.Build.0 = Release|Any CPU
	EndGlobalSection
	GlobalSection(SolutionProperties) = preSolution
		HideSolutionNode = FALSE
	EndGlobalSection
EndGlobal
